<?xml version="1.0" encoding="utf-8"?>
<Project ToolsVersion="16.0" xmlns="http://schemas.microsoft.com/developer/msbuild/2003">
  <ItemGroup>
    <ClCompile Include="E:\Dora\Documents\ErgaGrafika\ErgaGrafika\src\stb_image.cpp">
      <Filter>Source Files</Filter>
    </ClCompile>
  </ItemGroup>
  <ItemGroup>
    <CustomBuild Include="E:\Dora\Documents\ErgaGrafika\ErgaGrafika\CMakeLists.txt" />
  </ItemGroup>
  <ItemGroup>
    <Filter Include="Source Files">
      <UniqueIdentifier>{C5BE268A-553D-3DCC-8688-A9940E41444F}</UniqueIdentifier>
    </Filter>
  </ItemGroup>
</Project>
